Microsoft Visual Studio Solution File, Format Version 12.00
# Visual Studio Version 17
VisualStudioVersion = 17.5.2.0
MinimumVisualStudioVersion = 10.0.40219.1
Project("{FAE04EC0-301F-11D3-BF4B-00C04F79EFBC}") = "BOUTIQUE (exo)", "BOUTIQUE (exo).csproj", "{9591239E-D0DE-63D8-2B71-9F5F423A89F6}"
EndProject
Global
	GlobalSection(SolutionConfigurationPlatforms) = preSolution
		Debug|Any CPU = Debug|Any CPU
		Release|Any CPU = Release|Any CPU
	EndGlobalSection
	GlobalSection(ProjectConfigurationPlatforms) = postSolution
		{9591239E-D0DE-63D8-2B71-9F5F423A89F6}.Debug|Any CPU.ActiveCfg = Debug|Any CPU
		{9591239E-D0DE-63D8-2B71-9F5F423A89F6}.Debug|Any CPU.Build.0 = Debug|Any CPU
		{9591239E-D0DE-63D8-2B71-9F5F423A89F6}.Release|Any CPU.ActiveCfg = Release|Any CPU
		{9591239E-D0DE-63D8-2B71-9F5F423A89F6}.Release|Any CPU.Build.0 = Release|Any CPU
	EndGlobalSection
	GlobalSection(SolutionProperties) = preSolution
		HideSolutionNode = FALSE
	EndGlobalSection
	GlobalSection(ExtensibilityGlobals) = postSolution
		SolutionGuid = {73792A5A-1D30-4CA0-A247-87B90799FDF8}
	EndGlobalSection
EndGlobal
